
Microsoft Visual Studio Solution File, Format Version 12.00
# Visual Studio Version 17
VisualStudioVersion = 17.1.32228.430
MinimumVisualStudioVersion = 10.0.40219.1
Project("{FAE04EC0-301F-11D3-BF4B-00C04F79EFBC}") = "WPFTestApplication", "WPFTestApplication\WPFTestApplication.csproj", "{B8F2A53C-D60A-48B0-88F1-B11F5723B808}"
EndProject
Global
	GlobalSection(SolutionConfigurationPlatforms) = preSolution
		Debug|Any CPU = Debug|Any CPU
		Release|Any CPU = Release|Any CPU
	EndGlobalSection
	GlobalSection(ProjectConfigurationPlatforms) = postSolution
		{B8F2A53C-D60A-48B0-88F1-B11F5723B808}.Debug|Any CPU.ActiveCfg = Debug|Any CPU
		{B8F2A53C-D60A-48B0-88F1-B11F5723B808}.Debug|Any CPU.Build.0 = Debug|Any CPU
		{B8F2A53C-D60A-48B0-88F1-B11F5723B808}.Release|Any CPU.ActiveCfg = Release|Any CPU
		{B8F2A53C-D60A-48B0-88F1-B11F5723B808}.Release|Any CPU.Build.0 = Release|Any CPU
	EndGlobalSection
	GlobalSection(SolutionProperties) = preSolution
		HideSolutionNode = FALSE
	EndGlobalSection
	GlobalSection(ExtensibilityGlobals) = postSolution
		SolutionGuid = {246E1CAC-1081-4086-9BB9-467BCDC80442}
	EndGlobalSection
EndGlobal
